<?xml version="1.0" encoding="utf-8"?>
<Project ToolsVersion="4.0" xmlns="http://schemas.microsoft.com/developer/msbuild/2003">
  <ItemGroup>
    <Filter Include="源文件">
      <UniqueIdentifier>{4FC737F1-C7A5-4376-A066-2A32D752A2FF}</UniqueIdentifier>
      <Extensions>cpp;c;cc;cxx;c++;cppm;ixx;def;odl;idl;hpj;bat;asm;asmx</Extensions>
    </Filter>
    <Filter Include="头文件">
      <UniqueIdentifier>{93995380-89BD-4b04-88EB-625FBE52EBFB}</UniqueIdentifier>
      <Extensions>h;hh;hpp;hxx;h++;hm;inl;inc;ipp;xsd</Extensions>
    </Filter>
    <Filter Include="资源文件">
      <UniqueIdentifier>{67DA6AB6-F800-4c08-8B7A-83BB121AAD01}</UniqueIdentifier>
      <Extensions>rc;ico;cur;bmp;dlg;rc2;rct;bin;rgs;gif;jpg;jpeg;jpe;resx;tiff;tif;png;wav;mfcribbon-ms</Extensions>
    </Filter>
  </ItemGroup>
  <ItemGroup>
    <ClInclude Include="src\Engine\Core.h">
      <Filter>头文件</Filter>
    </ClInclude>
    <ClInclude Include="src\Engine\Application.h">
      <Filter>头文件</Filter>
    </ClInclude>
    <ClInclude Include="src\Engine.h">
      <Filter>头文件</Filter>
    </ClInclude>
    <ClInclude Include="src\Engine\EntryPoint.h">
      <Filter>头文件</Filter>
    </ClInclude>
    <ClInclude Include="src\Engine\Log.h">
      <Filter>头文件</Filter>
    </ClInclude>
    <ClInclude Include="src\Engine\Event\Event.h">
      <Filter>头文件</Filter>
    </ClInclude>
    <ClInclude Include="src\pch.h">
      <Filter>头文件</Filter>
    </ClInclude>
    <ClInclude Include="src\Engine\Window.h">
      <Filter>头文件</Filter>
    </ClInclude>
    <ClInclude Include="src\Platform\Windows\WindowsWindow.h">
      <Filter>头文件</Filter>
    </ClInclude>
    <ClInclude Include="src\Engine\Event\KeyEvent.h">
      <Filter>头文件</Filter>
    </ClInclude>
    <ClInclude Include="src\Engine\Event\MouseEvent.h">
      <Filter>头文件</Filter>
    </ClInclude>
    <ClInclude Include="src\Engine\Event\WindowEvent.h">
      <Filter>头文件</Filter>
    </ClInclude>
    <ClInclude Include="src\Engine\Layer.h">
      <Filter>头文件</Filter>
    </ClInclude>
    <ClInclude Include="src\Engine\LayerStack.h">
      <Filter>头文件</Filter>
    </ClInclude>
    <ClInclude Include="src\Engine\ImGui\ImGuiLayer.h">
      <Filter>头文件</Filter>
    </ClInclude>
    <ClInclude Include="src\Engine\Input.h">
      <Filter>头文件</Filter>
    </ClInclude>
    <ClInclude Include="src\Platform\Windows\WindowsInput.h">
      <Filter>头文件</Filter>
    </ClInclude>
    <ClInclude Include="src\Engine\KeyCode.h">
      <Filter>头文件</Filter>
    </ClInclude>
    <ClInclude Include="src\Engine\MouseButton.h">
      <Filter>头文件</Filter>
    </ClInclude>
    <ClInclude Include="src\Engine\Render\GraphicsContext.h">
      <Filter>头文件</Filter>
    </ClInclude>
    <ClInclude Include="src\Platform\OpenGL\OpenglContext.h">
      <Filter>头文件</Filter>
    </ClInclude>
    <ClInclude Include="src\Engine\Render\Buffer.h">
      <Filter>头文件</Filter>
    </ClInclude>
    <ClInclude Include="src\Platform\OpenGL\OpenGLBuffer.h">
      <Filter>头文件</Filter>
    </ClInclude>
    <ClInclude Include="src\Engine\Render\Render.h">
      <Filter>头文件</Filter>
    </ClInclude>
    <ClInclude Include="src\Engine\Render\Shader.h">
      <Filter>头文件</Filter>
    </ClInclude>
    <ClInclude Include="src\Engine\Render\VertexArray.h">
      <Filter>头文件</Filter>
    </ClInclude>
    <ClInclude Include="src\Platform\OpenGL\OpenGLVertexArray.h">
      <Filter>头文件</Filter>
    </ClInclude>
    <ClInclude Include="src\Platform\OpenGL\OpenGLRenderAPI.h">
      <Filter>头文件</Filter>
    </ClInclude>
    <ClInclude Include="src\Engine\Render\GraphicsCamera.h">
      <Filter>头文件</Filter>
    </ClInclude>
    <ClInclude Include="src\Platform\OpenGL\OpenGLShader.h">
      <Filter>头文件</Filter>
    </ClInclude>
    <ClInclude Include="src\Engine\Render\Texture.h">
      <Filter>头文件</Filter>
    </ClInclude>
    <ClInclude Include="src\Platform\OpenGL\OpenGLTexture.h">
      <Filter>头文件</Filter>
    </ClInclude>
    <ClInclude Include="src\Engine\Render\Render2D.h">
      <Filter>头文件</Filter>
    </ClInclude>
    <ClInclude Include="src\Engine\Time.h">
      <Filter>头文件</Filter>
    </ClInclude>
    <ClInclude Include="src\Engine\Render\FrameBuffer.h">
      <Filter>头文件</Filter>
    </ClInclude>
    <ClInclude Include="src\Platform\OpenGL\OpenGLFrameBuffer.h">
      <Filter>头文件</Filter>
    </ClInclude>
    <ClInclude Include="src\Engine\Render\SubTexture2D.h">
      <Filter>头文件</Filter>
    </ClInclude>
    <ClInclude Include="vender\entt.hpp">
      <Filter>头文件</Filter>
    </ClInclude>
    <ClInclude Include="src\Engine\Scene\Scene.h">
      <Filter>头文件</Filter>
    </ClInclude>
    <ClInclude Include="src\Engine\Scene\Entity.h">
      <Filter>头文件</Filter>
    </ClInclude>
    <ClInclude Include="src\Engine\Scene\Component.h">
      <Filter>头文件</Filter>
    </ClInclude>
    <ClInclude Include="src\Engine\Render\Camera.h">
      <Filter>头文件</Filter>
    </ClInclude>
    <ClInclude Include="src\Engine\Scene\SceneCamera.h">
      <Filter>头文件</Filter>
    </ClInclude>
    <ClInclude Include="src\Engine\Scene\ScriptableEntity.h">
      <Filter>头文件</Filter>
    </ClInclude>
    <ClInclude Include="src\Engine\Scene\SceneSerialization.h">
      <Filter>头文件</Filter>
    </ClInclude>
    <ClInclude Include="src\Engine\Utils\PlatformUtils.h">
      <Filter>头文件</Filter>
    </ClInclude>
    <ClInclude Include="src\Engine\Render\EditorCamera.h">
      <Filter>头文件</Filter>
    </ClInclude>
    <ClInclude Include="src\Platform\DirectX12\DirectX12Context.h">
      <Filter>头文件</Filter>
    </ClInclude>
    <ClInclude Include="src\Platform\Vulkan\VulkanContext.h">
      <Filter>头文件</Filter>
    </ClInclude>
    <ClInclude Include="src\Platform\Vulkan\VulkanInstance.h">
      <Filter>头文件</Filter>
    </ClInclude>
    <ClInclude Include="src\Engine\Scene\ScriptEngine.h">
      <Filter>头文件</Filter>
    </ClInclude>
    <ClInclude Include="src\Engine\Scene\SceneManager.h">
      <Filter>头文件</Filter>
    </ClInclude>
  </ItemGroup>
  <ItemGroup>
    <ClCompile Include="src\Engine\Application.cpp">
      <Filter>源文件</Filter>
    </ClCompile>
    <ClCompile Include="src\Engine\Log.cpp">
      <Filter>源文件</Filter>
    </ClCompile>
    <ClCompile Include="src\pch.cpp">
      <Filter>源文件</Filter>
    </ClCompile>
    <ClCompile Include="src\Platform\Windows\WindowsWindow.cpp">
      <Filter>源文件</Filter>
    </ClCompile>
    <ClCompile Include="src\Engine\Layer.cpp">
      <Filter>源文件</Filter>
    </ClCompile>
    <ClCompile Include="src\Engine\LayerStack.cpp">
      <Filter>源文件</Filter>
    </ClCompile>
    <ClCompile Include="src\Platform\Windows\WindowsInput.cpp">
      <Filter>源文件</Filter>
    </ClCompile>
    <ClCompile Include="src\Engine\ImGui\ImGuiBuild.cpp">
      <Filter>源文件</Filter>
    </ClCompile>
    <ClCompile Include="src\Engine\ImGui\ImGuiLayer.cpp">
      <Filter>源文件</Filter>
    </ClCompile>
    <ClCompile Include="src\Platform\OpenGL\OpenglContext.cpp">
      <Filter>源文件</Filter>
    </ClCompile>
    <ClCompile Include="src\Engine\Render\Buffer.cpp">
      <Filter>源文件</Filter>
    </ClCompile>
    <ClCompile Include="src\Platform\OpenGL\OpenGLBuffer.cpp">
      <Filter>源文件</Filter>
    </ClCompile>
    <ClCompile Include="src\Engine\Render\Render.cpp">
      <Filter>源文件</Filter>
    </ClCompile>
    <ClCompile Include="src\Engine\Render\Shader.cpp">
      <Filter>源文件</Filter>
    </ClCompile>
    <ClCompile Include="src\Engine\Render\VertexArray.cpp">
      <Filter>源文件</Filter>
    </ClCompile>
    <ClCompile Include="src\Platform\OpenGL\OpenGLVertexArray.cpp">
      <Filter>源文件</Filter>
    </ClCompile>
    <ClCompile Include="src\Platform\OpenGL\OpenGLRenderAPI.cpp">
      <Filter>源文件</Filter>
    </ClCompile>
    <ClCompile Include="src\Engine\Render\GraphicsCamera.cpp">
      <Filter>源文件</Filter>
    </ClCompile>
    <ClCompile Include="src\Platform\OpenGL\OpenGLShader.cpp">
      <Filter>源文件</Filter>
    </ClCompile>
    <ClCompile Include="src\Engine\Render\Texture.cpp">
      <Filter>源文件</Filter>
    </ClCompile>
    <ClCompile Include="src\Platform\OpenGL\OpenGLTexture.cpp">
      <Filter>源文件</Filter>
    </ClCompile>
    <ClCompile Include="src\Engine\Render\Render2D.cpp">
      <Filter>源文件</Filter>
    </ClCompile>
    <ClCompile Include="src\Engine\Time.cpp">
      <Filter>源文件</Filter>
    </ClCompile>
    <ClCompile Include="src\Engine\Render\FrameBuffer.cpp">
      <Filter>源文件</Filter>
    </ClCompile>
    <ClCompile Include="src\Platform\OpenGL\OpenGLFrameBuffer.cpp">
      <Filter>源文件</Filter>
    </ClCompile>
    <ClCompile Include="src\Engine\Render\SubTexture2D.cpp">
      <Filter>源文件</Filter>
    </ClCompile>
    <ClCompile Include="src\Engine\Scene\Scene.cpp">
      <Filter>源文件</Filter>
    </ClCompile>
    <ClCompile Include="src\Engine\Scene\Entity.cpp">
      <Filter>源文件</Filter>
    </ClCompile>
    <ClCompile Include="src\Engine\Scene\SceneCamera.cpp">
      <Filter>源文件</Filter>
    </ClCompile>
    <ClCompile Include="src\Engine\Scene\SceneSerialization.cpp">
      <Filter>源文件</Filter>
    </ClCompile>
    <ClCompile Include="src\Platform\Windows\WindowsPlatformUtils.cpp">
      <Filter>源文件</Filter>
    </ClCompile>
    <ClCompile Include="src\Engine\Render\EditorCamera.cpp">
      <Filter>源文件</Filter>
    </ClCompile>
    <ClCompile Include="src\Platform\DirectX12\DirectX12Context.cpp">
      <Filter>源文件</Filter>
    </ClCompile>
    <ClCompile Include="src\Platform\Vulkan\VulkanContext.cpp">
      <Filter>源文件</Filter>
    </ClCompile>
    <ClCompile Include="src\Platform\Vulkan\VulkanInstance.cpp">
      <Filter>源文件</Filter>
    </ClCompile>
    <ClCompile Include="src\Engine\Scene\ScriptableEntity.cpp">
      <Filter>源文件</Filter>
    </ClCompile>
    <ClCompile Include="src\Engine\Scene\ScriptEngine.cpp">
      <Filter>源文件</Filter>
    </ClCompile>
    <ClCompile Include="src\Engine\Scene\SceneManager.cpp">
      <Filter>源文件</Filter>
    </ClCompile>
  </ItemGroup>
</Project>