<?xml version="1.0" encoding="utf-8"?>
<Project ToolsVersion="4.0" xmlns="http://schemas.microsoft.com/developer/msbuild/2003">
  <ItemGroup>
    <Filter Include="头文件">
      <UniqueIdentifier>{93995380-89BD-4b04-88EB-625FBE52EBFB}</UniqueIdentifier>
      <Extensions>h;hh;hpp;hxx;h++;hm;inl;inc;ipp;xsd</Extensions>
    </Filter>
    <Filter Include="资源文件">
      <UniqueIdentifier>{67DA6AB6-F800-4c08-8B7A-83BB121AAD01}</UniqueIdentifier>
      <Extensions>rc;ico;cur;bmp;dlg;rc2;rct;bin;rgs;gif;jpg;jpeg;jpe;resx;tiff;tif;png;wav;mfcribbon-ms</Extensions>
    </Filter>
  </ItemGroup>
  <ItemGroup>
    <ClInclude Include="common.hpp">
      <Filter>头文件</Filter>
    </ClInclude>
    <ClInclude Include="exponential.hpp">
      <Filter>头文件</Filter>
    </ClInclude>
    <ClInclude Include="ext.hpp">
      <Filter>头文件</Filter>
    </ClInclude>
    <ClInclude Include="fwd.hpp">
      <Filter>头文件</Filter>
    </ClInclude>
    <ClInclude Include="geometric.hpp">
      <Filter>头文件</Filter>
    </ClInclude>
    <ClInclude Include="glm.hpp">
      <Filter>头文件</Filter>
    </ClInclude>
    <ClInclude Include="integer.hpp">
      <Filter>头文件</Filter>
    </ClInclude>
    <ClInclude Include="mat2x2.hpp">
      <Filter>头文件</Filter>
    </ClInclude>
    <ClInclude Include="mat2x3.hpp">
      <Filter>头文件</Filter>
    </ClInclude>
    <ClInclude Include="mat2x4.hpp">
      <Filter>头文件</Filter>
    </ClInclude>
    <ClInclude Include="mat3x2.hpp">
      <Filter>头文件</Filter>
    </ClInclude>
    <ClInclude Include="mat3x3.hpp">
      <Filter>头文件</Filter>
    </ClInclude>
    <ClInclude Include="mat3x4.hpp">
      <Filter>头文件</Filter>
    </ClInclude>
    <ClInclude Include="mat4x2.hpp">
      <Filter>头文件</Filter>
    </ClInclude>
    <ClInclude Include="mat4x3.hpp">
      <Filter>头文件</Filter>
    </ClInclude>
    <ClInclude Include="mat4x4.hpp">
      <Filter>头文件</Filter>
    </ClInclude>
    <ClInclude Include="matrix.hpp">
      <Filter>头文件</Filter>
    </ClInclude>
    <ClInclude Include="packing.hpp">
      <Filter>头文件</Filter>
    </ClInclude>
    <ClInclude Include="trigonometric.hpp">
      <Filter>头文件</Filter>
    </ClInclude>
    <ClInclude Include="vec2.hpp">
      <Filter>头文件</Filter>
    </ClInclude>
    <ClInclude Include="vec3.hpp">
      <Filter>头文件</Filter>
    </ClInclude>
    <ClInclude Include="vec4.hpp">
      <Filter>头文件</Filter>
    </ClInclude>
    <ClInclude Include="vector_relational.hpp">
      <Filter>头文件</Filter>
    </ClInclude>
    <ClInclude Include="pch.h">
      <Filter>头文件</Filter>
    </ClInclude>
    <ClInclude Include="detail\_features.hpp">
      <Filter>头文件</Filter>
    </ClInclude>
    <ClInclude Include="detail\_fixes.hpp">
      <Filter>头文件</Filter>
    </ClInclude>
    <ClInclude Include="detail\_noise.hpp">
      <Filter>头文件</Filter>
    </ClInclude>
    <ClInclude Include="detail\_swizzle.hpp">
      <Filter>头文件</Filter>
    </ClInclude>
    <ClInclude Include="detail\_swizzle_func.hpp">
      <Filter>头文件</Filter>
    </ClInclude>
    <ClInclude Include="detail\_vectorize.hpp">
      <Filter>头文件</Filter>
    </ClInclude>
    <ClInclude Include="detail\compute_common.hpp">
      <Filter>头文件</Filter>
    </ClInclude>
    <ClInclude Include="detail\compute_vector_decl.hpp">
      <Filter>头文件</Filter>
    </ClInclude>
    <ClInclude Include="detail\compute_vector_relational.hpp">
      <Filter>头文件</Filter>
    </ClInclude>
    <ClInclude Include="detail\qualifier.hpp">
      <Filter>头文件</Filter>
    </ClInclude>
    <ClInclude Include="detail\setup.hpp">
      <Filter>头文件</Filter>
    </ClInclude>
    <ClInclude Include="detail\type_float.hpp">
      <Filter>头文件</Filter>
    </ClInclude>
    <ClInclude Include="detail\type_half.hpp">
      <Filter>头文件</Filter>
    </ClInclude>
    <ClInclude Include="detail\type_mat2x2.hpp">
      <Filter>头文件</Filter>
    </ClInclude>
    <ClInclude Include="detail\type_mat2x3.hpp">
      <Filter>头文件</Filter>
    </ClInclude>
    <ClInclude Include="detail\type_mat2x4.hpp">
      <Filter>头文件</Filter>
    </ClInclude>
    <ClInclude Include="detail\type_mat3x2.hpp">
      <Filter>头文件</Filter>
    </ClInclude>
    <ClInclude Include="detail\type_mat3x3.hpp">
      <Filter>头文件</Filter>
    </ClInclude>
    <ClInclude Include="detail\type_mat3x4.hpp">
      <Filter>头文件</Filter>
    </ClInclude>
    <ClInclude Include="detail\type_mat4x2.hpp">
      <Filter>头文件</Filter>
    </ClInclude>
    <ClInclude Include="detail\type_mat4x3.hpp">
      <Filter>头文件</Filter>
    </ClInclude>
    <ClInclude Include="detail\type_mat4x4.hpp">
      <Filter>头文件</Filter>
    </ClInclude>
    <ClInclude Include="detail\type_quat.hpp">
      <Filter>头文件</Filter>
    </ClInclude>
    <ClInclude Include="detail\type_vec1.hpp">
      <Filter>头文件</Filter>
    </ClInclude>
    <ClInclude Include="detail\type_vec2.hpp">
      <Filter>头文件</Filter>
    </ClInclude>
    <ClInclude Include="detail\type_vec3.hpp">
      <Filter>头文件</Filter>
    </ClInclude>
    <ClInclude Include="detail\type_vec4.hpp">
      <Filter>头文件</Filter>
    </ClInclude>
    <ClInclude Include="ext\_matrix_vectorize.hpp">
      <Filter>头文件</Filter>
    </ClInclude>
    <ClInclude Include="ext\matrix_clip_space.hpp">
      <Filter>头文件</Filter>
    </ClInclude>
    <ClInclude Include="ext\matrix_common.hpp">
      <Filter>头文件</Filter>
    </ClInclude>
    <ClInclude Include="ext\matrix_double2x2.hpp">
      <Filter>头文件</Filter>
    </ClInclude>
    <ClInclude Include="ext\matrix_double2x2_precision.hpp">
      <Filter>头文件</Filter>
    </ClInclude>
    <ClInclude Include="ext\matrix_double2x3.hpp">
      <Filter>头文件</Filter>
    </ClInclude>
    <ClInclude Include="ext\matrix_double2x3_precision.hpp">
      <Filter>头文件</Filter>
    </ClInclude>
    <ClInclude Include="ext\matrix_double2x4.hpp">
      <Filter>头文件</Filter>
    </ClInclude>
    <ClInclude Include="ext\matrix_double2x4_precision.hpp">
      <Filter>头文件</Filter>
    </ClInclude>
    <ClInclude Include="ext\matrix_double3x2.hpp">
      <Filter>头文件</Filter>
    </ClInclude>
    <ClInclude Include="ext\matrix_double3x2_precision.hpp">
      <Filter>头文件</Filter>
    </ClInclude>
    <ClInclude Include="ext\matrix_double3x3.hpp">
      <Filter>头文件</Filter>
    </ClInclude>
    <ClInclude Include="ext\matrix_double3x3_precision.hpp">
      <Filter>头文件</Filter>
    </ClInclude>
    <ClInclude Include="ext\matrix_double3x4.hpp">
      <Filter>头文件</Filter>
    </ClInclude>
    <ClInclude Include="ext\matrix_double3x4_precision.hpp">
      <Filter>头文件</Filter>
    </ClInclude>
    <ClInclude Include="ext\matrix_double4x2.hpp">
      <Filter>头文件</Filter>
    </ClInclude>
    <ClInclude Include="ext\matrix_double4x2_precision.hpp">
      <Filter>头文件</Filter>
    </ClInclude>
    <ClInclude Include="ext\matrix_double4x3.hpp">
      <Filter>头文件</Filter>
    </ClInclude>
    <ClInclude Include="ext\matrix_double4x3_precision.hpp">
      <Filter>头文件</Filter>
    </ClInclude>
    <ClInclude Include="ext\matrix_double4x4.hpp">
      <Filter>头文件</Filter>
    </ClInclude>
    <ClInclude Include="ext\matrix_double4x4_precision.hpp">
      <Filter>头文件</Filter>
    </ClInclude>
    <ClInclude Include="ext\matrix_float2x2.hpp">
      <Filter>头文件</Filter>
    </ClInclude>
    <ClInclude Include="ext\matrix_float2x2_precision.hpp">
      <Filter>头文件</Filter>
    </ClInclude>
    <ClInclude Include="ext\matrix_float2x3.hpp">
      <Filter>头文件</Filter>
    </ClInclude>
    <ClInclude Include="ext\matrix_float2x3_precision.hpp">
      <Filter>头文件</Filter>
    </ClInclude>
    <ClInclude Include="ext\matrix_float2x4.hpp">
      <Filter>头文件</Filter>
    </ClInclude>
    <ClInclude Include="ext\matrix_float2x4_precision.hpp">
      <Filter>头文件</Filter>
    </ClInclude>
    <ClInclude Include="ext\matrix_float3x2.hpp">
      <Filter>头文件</Filter>
    </ClInclude>
    <ClInclude Include="ext\matrix_float3x2_precision.hpp">
      <Filter>头文件</Filter>
    </ClInclude>
    <ClInclude Include="ext\matrix_float3x3.hpp">
      <Filter>头文件</Filter>
    </ClInclude>
    <ClInclude Include="ext\matrix_float3x3_precision.hpp">
      <Filter>头文件</Filter>
    </ClInclude>
    <ClInclude Include="ext\matrix_float3x4.hpp">
      <Filter>头文件</Filter>
    </ClInclude>
    <ClInclude Include="ext\matrix_float3x4_precision.hpp">
      <Filter>头文件</Filter>
    </ClInclude>
    <ClInclude Include="ext\matrix_float4x2.hpp">
      <Filter>头文件</Filter>
    </ClInclude>
    <ClInclude Include="ext\matrix_float4x2_precision.hpp">
      <Filter>头文件</Filter>
    </ClInclude>
    <ClInclude Include="ext\matrix_float4x3.hpp">
      <Filter>头文件</Filter>
    </ClInclude>
    <ClInclude Include="ext\matrix_float4x3_precision.hpp">
      <Filter>头文件</Filter>
    </ClInclude>
    <ClInclude Include="ext\matrix_float4x4.hpp">
      <Filter>头文件</Filter>
    </ClInclude>
    <ClInclude Include="ext\matrix_float4x4_precision.hpp">
      <Filter>头文件</Filter>
    </ClInclude>
    <ClInclude Include="ext\matrix_int2x2.hpp">
      <Filter>头文件</Filter>
    </ClInclude>
    <ClInclude Include="ext\matrix_int2x2_sized.hpp">
      <Filter>头文件</Filter>
    </ClInclude>
    <ClInclude Include="ext\matrix_int2x3.hpp">
      <Filter>头文件</Filter>
    </ClInclude>
    <ClInclude Include="ext\matrix_int2x3_sized.hpp">
      <Filter>头文件</Filter>
    </ClInclude>
    <ClInclude Include="ext\matrix_int2x4.hpp">
      <Filter>头文件</Filter>
    </ClInclude>
    <ClInclude Include="ext\matrix_int2x4_sized.hpp">
      <Filter>头文件</Filter>
    </ClInclude>
    <ClInclude Include="ext\matrix_int3x2.hpp">
      <Filter>头文件</Filter>
    </ClInclude>
    <ClInclude Include="ext\matrix_int3x2_sized.hpp">
      <Filter>头文件</Filter>
    </ClInclude>
    <ClInclude Include="ext\matrix_int3x3.hpp">
      <Filter>头文件</Filter>
    </ClInclude>
    <ClInclude Include="ext\matrix_int3x3_sized.hpp">
      <Filter>头文件</Filter>
    </ClInclude>
    <ClInclude Include="ext\matrix_int3x4.hpp">
      <Filter>头文件</Filter>
    </ClInclude>
    <ClInclude Include="ext\matrix_int3x4_sized.hpp">
      <Filter>头文件</Filter>
    </ClInclude>
    <ClInclude Include="ext\matrix_int4x2.hpp">
      <Filter>头文件</Filter>
    </ClInclude>
    <ClInclude Include="ext\matrix_int4x2_sized.hpp">
      <Filter>头文件</Filter>
    </ClInclude>
    <ClInclude Include="ext\matrix_int4x3.hpp">
      <Filter>头文件</Filter>
    </ClInclude>
    <ClInclude Include="ext\matrix_int4x3_sized.hpp">
      <Filter>头文件</Filter>
    </ClInclude>
    <ClInclude Include="ext\matrix_int4x4.hpp">
      <Filter>头文件</Filter>
    </ClInclude>
    <ClInclude Include="ext\matrix_int4x4_sized.hpp">
      <Filter>头文件</Filter>
    </ClInclude>
    <ClInclude Include="ext\matrix_integer.hpp">
      <Filter>头文件</Filter>
    </ClInclude>
    <ClInclude Include="ext\matrix_projection.hpp">
      <Filter>头文件</Filter>
    </ClInclude>
    <ClInclude Include="ext\matrix_relational.hpp">
      <Filter>头文件</Filter>
    </ClInclude>
    <ClInclude Include="ext\matrix_transform.hpp">
      <Filter>头文件</Filter>
    </ClInclude>
    <ClInclude Include="ext\matrix_uint2x2.hpp">
      <Filter>头文件</Filter>
    </ClInclude>
    <ClInclude Include="ext\matrix_uint2x2_sized.hpp">
      <Filter>头文件</Filter>
    </ClInclude>
    <ClInclude Include="ext\matrix_uint2x3.hpp">
      <Filter>头文件</Filter>
    </ClInclude>
    <ClInclude Include="ext\matrix_uint2x3_sized.hpp">
      <Filter>头文件</Filter>
    </ClInclude>
    <ClInclude Include="ext\matrix_uint2x4.hpp">
      <Filter>头文件</Filter>
    </ClInclude>
    <ClInclude Include="ext\matrix_uint2x4_sized.hpp">
      <Filter>头文件</Filter>
    </ClInclude>
    <ClInclude Include="ext\matrix_uint3x2.hpp">
      <Filter>头文件</Filter>
    </ClInclude>
    <ClInclude Include="ext\matrix_uint3x2_sized.hpp">
      <Filter>头文件</Filter>
    </ClInclude>
    <ClInclude Include="ext\matrix_uint3x3.hpp">
      <Filter>头文件</Filter>
    </ClInclude>
    <ClInclude Include="ext\matrix_uint3x3_sized.hpp">
      <Filter>头文件</Filter>
    </ClInclude>
    <ClInclude Include="ext\matrix_uint3x4.hpp">
      <Filter>头文件</Filter>
    </ClInclude>
    <ClInclude Include="ext\matrix_uint3x4_sized.hpp">
      <Filter>头文件</Filter>
    </ClInclude>
    <ClInclude Include="ext\matrix_uint4x2.hpp">
      <Filter>头文件</Filter>
    </ClInclude>
    <ClInclude Include="ext\matrix_uint4x2_sized.hpp">
      <Filter>头文件</Filter>
    </ClInclude>
    <ClInclude Include="ext\matrix_uint4x3.hpp">
      <Filter>头文件</Filter>
    </ClInclude>
    <ClInclude Include="ext\matrix_uint4x3_sized.hpp">
      <Filter>头文件</Filter>
    </ClInclude>
    <ClInclude Include="ext\matrix_uint4x4.hpp">
      <Filter>头文件</Filter>
    </ClInclude>
    <ClInclude Include="ext\matrix_uint4x4_sized.hpp">
      <Filter>头文件</Filter>
    </ClInclude>
    <ClInclude Include="ext\quaternion_common.hpp">
      <Filter>头文件</Filter>
    </ClInclude>
    <ClInclude Include="ext\quaternion_double.hpp">
      <Filter>头文件</Filter>
    </ClInclude>
    <ClInclude Include="ext\quaternion_double_precision.hpp">
      <Filter>头文件</Filter>
    </ClInclude>
    <ClInclude Include="ext\quaternion_exponential.hpp">
      <Filter>头文件</Filter>
    </ClInclude>
    <ClInclude Include="ext\quaternion_float.hpp">
      <Filter>头文件</Filter>
    </ClInclude>
    <ClInclude Include="ext\quaternion_float_precision.hpp">
      <Filter>头文件</Filter>
    </ClInclude>
    <ClInclude Include="ext\quaternion_geometric.hpp">
      <Filter>头文件</Filter>
    </ClInclude>
    <ClInclude Include="ext\quaternion_relational.hpp">
      <Filter>头文件</Filter>
    </ClInclude>
    <ClInclude Include="ext\quaternion_transform.hpp">
      <Filter>头文件</Filter>
    </ClInclude>
    <ClInclude Include="ext\quaternion_trigonometric.hpp">
      <Filter>头文件</Filter>
    </ClInclude>
    <ClInclude Include="ext\scalar_common.hpp">
      <Filter>头文件</Filter>
    </ClInclude>
    <ClInclude Include="ext\scalar_constants.hpp">
      <Filter>头文件</Filter>
    </ClInclude>
    <ClInclude Include="ext\scalar_int_sized.hpp">
      <Filter>头文件</Filter>
    </ClInclude>
    <ClInclude Include="ext\scalar_integer.hpp">
      <Filter>头文件</Filter>
    </ClInclude>
    <ClInclude Include="ext\scalar_packing.hpp">
      <Filter>头文件</Filter>
    </ClInclude>
    <ClInclude Include="ext\scalar_reciprocal.hpp">
      <Filter>头文件</Filter>
    </ClInclude>
    <ClInclude Include="ext\scalar_relational.hpp">
      <Filter>头文件</Filter>
    </ClInclude>
    <ClInclude Include="ext\scalar_uint_sized.hpp">
      <Filter>头文件</Filter>
    </ClInclude>
    <ClInclude Include="ext\scalar_ulp.hpp">
      <Filter>头文件</Filter>
    </ClInclude>
    <ClInclude Include="ext\vector_bool1.hpp">
      <Filter>头文件</Filter>
    </ClInclude>
    <ClInclude Include="ext\vector_bool1_precision.hpp">
      <Filter>头文件</Filter>
    </ClInclude>
    <ClInclude Include="ext\vector_bool2.hpp">
      <Filter>头文件</Filter>
    </ClInclude>
    <ClInclude Include="ext\vector_bool2_precision.hpp">
      <Filter>头文件</Filter>
    </ClInclude>
    <ClInclude Include="ext\vector_bool3.hpp">
      <Filter>头文件</Filter>
    </ClInclude>
    <ClInclude Include="ext\vector_bool3_precision.hpp">
      <Filter>头文件</Filter>
    </ClInclude>
    <ClInclude Include="ext\vector_bool4.hpp">
      <Filter>头文件</Filter>
    </ClInclude>
    <ClInclude Include="ext\vector_bool4_precision.hpp">
      <Filter>头文件</Filter>
    </ClInclude>
    <ClInclude Include="ext\vector_common.hpp">
      <Filter>头文件</Filter>
    </ClInclude>
    <ClInclude Include="ext\vector_double1.hpp">
      <Filter>头文件</Filter>
    </ClInclude>
    <ClInclude Include="ext\vector_double1_precision.hpp">
      <Filter>头文件</Filter>
    </ClInclude>
    <ClInclude Include="ext\vector_double2.hpp">
      <Filter>头文件</Filter>
    </ClInclude>
    <ClInclude Include="ext\vector_double2_precision.hpp">
      <Filter>头文件</Filter>
    </ClInclude>
    <ClInclude Include="ext\vector_double3.hpp">
      <Filter>头文件</Filter>
    </ClInclude>
    <ClInclude Include="ext\vector_double3_precision.hpp">
      <Filter>头文件</Filter>
    </ClInclude>
    <ClInclude Include="ext\vector_double4.hpp">
      <Filter>头文件</Filter>
    </ClInclude>
    <ClInclude Include="ext\vector_double4_precision.hpp">
      <Filter>头文件</Filter>
    </ClInclude>
    <ClInclude Include="ext\vector_float1.hpp">
      <Filter>头文件</Filter>
    </ClInclude>
    <ClInclude Include="ext\vector_float1_precision.hpp">
      <Filter>头文件</Filter>
    </ClInclude>
    <ClInclude Include="ext\vector_float2.hpp">
      <Filter>头文件</Filter>
    </ClInclude>
    <ClInclude Include="ext\vector_float2_precision.hpp">
      <Filter>头文件</Filter>
    </ClInclude>
    <ClInclude Include="ext\vector_float3.hpp">
      <Filter>头文件</Filter>
    </ClInclude>
    <ClInclude Include="ext\vector_float3_precision.hpp">
      <Filter>头文件</Filter>
    </ClInclude>
    <ClInclude Include="ext\vector_float4.hpp">
      <Filter>头文件</Filter>
    </ClInclude>
    <ClInclude Include="ext\vector_float4_precision.hpp">
      <Filter>头文件</Filter>
    </ClInclude>
    <ClInclude Include="ext\vector_int1.hpp">
      <Filter>头文件</Filter>
    </ClInclude>
    <ClInclude Include="ext\vector_int1_sized.hpp">
      <Filter>头文件</Filter>
    </ClInclude>
    <ClInclude Include="ext\vector_int2.hpp">
      <Filter>头文件</Filter>
    </ClInclude>
    <ClInclude Include="ext\vector_int2_sized.hpp">
      <Filter>头文件</Filter>
    </ClInclude>
    <ClInclude Include="ext\vector_int3.hpp">
      <Filter>头文件</Filter>
    </ClInclude>
    <ClInclude Include="ext\vector_int3_sized.hpp">
      <Filter>头文件</Filter>
    </ClInclude>
    <ClInclude Include="ext\vector_int4.hpp">
      <Filter>头文件</Filter>
    </ClInclude>
    <ClInclude Include="ext\vector_int4_sized.hpp">
      <Filter>头文件</Filter>
    </ClInclude>
    <ClInclude Include="ext\vector_integer.hpp">
      <Filter>头文件</Filter>
    </ClInclude>
    <ClInclude Include="ext\vector_packing.hpp">
      <Filter>头文件</Filter>
    </ClInclude>
    <ClInclude Include="ext\vector_reciprocal.hpp">
      <Filter>头文件</Filter>
    </ClInclude>
    <ClInclude Include="ext\vector_relational.hpp">
      <Filter>头文件</Filter>
    </ClInclude>
    <ClInclude Include="ext\vector_uint1.hpp">
      <Filter>头文件</Filter>
    </ClInclude>
    <ClInclude Include="ext\vector_uint1_sized.hpp">
      <Filter>头文件</Filter>
    </ClInclude>
    <ClInclude Include="ext\vector_uint2.hpp">
      <Filter>头文件</Filter>
    </ClInclude>
    <ClInclude Include="ext\vector_uint2_sized.hpp">
      <Filter>头文件</Filter>
    </ClInclude>
    <ClInclude Include="ext\vector_uint3.hpp">
      <Filter>头文件</Filter>
    </ClInclude>
    <ClInclude Include="ext\vector_uint3_sized.hpp">
      <Filter>头文件</Filter>
    </ClInclude>
    <ClInclude Include="ext\vector_uint4.hpp">
      <Filter>头文件</Filter>
    </ClInclude>
    <ClInclude Include="ext\vector_uint4_sized.hpp">
      <Filter>头文件</Filter>
    </ClInclude>
    <ClInclude Include="ext\vector_ulp.hpp">
      <Filter>头文件</Filter>
    </ClInclude>
    <ClInclude Include="gtc\bitfield.hpp">
      <Filter>头文件</Filter>
    </ClInclude>
    <ClInclude Include="gtc\color_space.hpp">
      <Filter>头文件</Filter>
    </ClInclude>
    <ClInclude Include="gtc\constants.hpp">
      <Filter>头文件</Filter>
    </ClInclude>
    <ClInclude Include="gtc\epsilon.hpp">
      <Filter>头文件</Filter>
    </ClInclude>
    <ClInclude Include="gtc\integer.hpp">
      <Filter>头文件</Filter>
    </ClInclude>
    <ClInclude Include="gtc\matrix_access.hpp">
      <Filter>头文件</Filter>
    </ClInclude>
    <ClInclude Include="gtc\matrix_integer.hpp">
      <Filter>头文件</Filter>
    </ClInclude>
    <ClInclude Include="gtc\matrix_inverse.hpp">
      <Filter>头文件</Filter>
    </ClInclude>
    <ClInclude Include="gtc\matrix_transform.hpp">
      <Filter>头文件</Filter>
    </ClInclude>
    <ClInclude Include="gtc\noise.hpp">
      <Filter>头文件</Filter>
    </ClInclude>
    <ClInclude Include="gtc\packing.hpp">
      <Filter>头文件</Filter>
    </ClInclude>
    <ClInclude Include="gtc\quaternion.hpp">
      <Filter>头文件</Filter>
    </ClInclude>
    <ClInclude Include="gtc\random.hpp">
      <Filter>头文件</Filter>
    </ClInclude>
    <ClInclude Include="gtc\reciprocal.hpp">
      <Filter>头文件</Filter>
    </ClInclude>
    <ClInclude Include="gtc\round.hpp">
      <Filter>头文件</Filter>
    </ClInclude>
    <ClInclude Include="gtc\type_aligned.hpp">
      <Filter>头文件</Filter>
    </ClInclude>
    <ClInclude Include="gtc\type_precision.hpp">
      <Filter>头文件</Filter>
    </ClInclude>
    <ClInclude Include="gtc\type_ptr.hpp">
      <Filter>头文件</Filter>
    </ClInclude>
    <ClInclude Include="gtc\ulp.hpp">
      <Filter>头文件</Filter>
    </ClInclude>
    <ClInclude Include="gtc\vec1.hpp">
      <Filter>头文件</Filter>
    </ClInclude>
    <ClInclude Include="simd\common.h">
      <Filter>头文件</Filter>
    </ClInclude>
    <ClInclude Include="simd\exponential.h">
      <Filter>头文件</Filter>
    </ClInclude>
    <ClInclude Include="simd\geometric.h">
      <Filter>头文件</Filter>
    </ClInclude>
    <ClInclude Include="simd\integer.h">
      <Filter>头文件</Filter>
    </ClInclude>
    <ClInclude Include="simd\matrix.h">
      <Filter>头文件</Filter>
    </ClInclude>
    <ClInclude Include="simd\neon.h">
      <Filter>头文件</Filter>
    </ClInclude>
    <ClInclude Include="simd\packing.h">
      <Filter>头文件</Filter>
    </ClInclude>
    <ClInclude Include="simd\platform.h">
      <Filter>头文件</Filter>
    </ClInclude>
    <ClInclude Include="simd\trigonometric.h">
      <Filter>头文件</Filter>
    </ClInclude>
    <ClInclude Include="simd\vector_relational.h">
      <Filter>头文件</Filter>
    </ClInclude>
  </ItemGroup>
  <ItemGroup>
    <None Include="detail\func_common.inl">
      <Filter>头文件</Filter>
    </None>
    <None Include="detail\func_common_simd.inl">
      <Filter>头文件</Filter>
    </None>
    <None Include="detail\func_exponential.inl">
      <Filter>头文件</Filter>
    </None>
    <None Include="detail\func_exponential_simd.inl">
      <Filter>头文件</Filter>
    </None>
    <None Include="detail\func_geometric.inl">
      <Filter>头文件</Filter>
    </None>
    <None Include="detail\func_geometric_simd.inl">
      <Filter>头文件</Filter>
    </None>
    <None Include="detail\func_integer.inl">
      <Filter>头文件</Filter>
    </None>
    <None Include="detail\func_integer_simd.inl">
      <Filter>头文件</Filter>
    </None>
    <None Include="detail\func_matrix.inl">
      <Filter>头文件</Filter>
    </None>
    <None Include="detail\func_matrix_simd.inl">
      <Filter>头文件</Filter>
    </None>
    <None Include="detail\func_packing.inl">
      <Filter>头文件</Filter>
    </None>
    <None Include="detail\func_packing_simd.inl">
      <Filter>头文件</Filter>
    </None>
    <None Include="detail\func_trigonometric.inl">
      <Filter>头文件</Filter>
    </None>
    <None Include="detail\func_trigonometric_simd.inl">
      <Filter>头文件</Filter>
    </None>
    <None Include="detail\func_vector_relational.inl">
      <Filter>头文件</Filter>
    </None>
    <None Include="detail\func_vector_relational_simd.inl">
      <Filter>头文件</Filter>
    </None>
    <None Include="detail\type_half.inl">
      <Filter>头文件</Filter>
    </None>
    <None Include="detail\type_mat2x2.inl">
      <Filter>头文件</Filter>
    </None>
    <None Include="detail\type_mat2x3.inl">
      <Filter>头文件</Filter>
    </None>
    <None Include="detail\type_mat2x4.inl">
      <Filter>头文件</Filter>
    </None>
    <None Include="detail\type_mat3x2.inl">
      <Filter>头文件</Filter>
    </None>
    <None Include="detail\type_mat3x3.inl">
      <Filter>头文件</Filter>
    </None>
    <None Include="detail\type_mat3x4.inl">
      <Filter>头文件</Filter>
    </None>
    <None Include="detail\type_mat4x2.inl">
      <Filter>头文件</Filter>
    </None>
    <None Include="detail\type_mat4x3.inl">
      <Filter>头文件</Filter>
    </None>
    <None Include="detail\type_mat4x4.inl">
      <Filter>头文件</Filter>
    </None>
    <None Include="detail\type_mat4x4_simd.inl">
      <Filter>头文件</Filter>
    </None>
    <None Include="detail\type_quat.inl">
      <Filter>头文件</Filter>
    </None>
    <None Include="detail\type_quat_simd.inl">
      <Filter>头文件</Filter>
    </None>
    <None Include="detail\type_vec_simd.inl">
      <Filter>头文件</Filter>
    </None>
    <None Include="detail\type_vec1.inl">
      <Filter>头文件</Filter>
    </None>
    <None Include="detail\type_vec2.inl">
      <Filter>头文件</Filter>
    </None>
    <None Include="detail\type_vec3.inl">
      <Filter>头文件</Filter>
    </None>
    <None Include="detail\type_vec4.inl">
      <Filter>头文件</Filter>
    </None>
    <None Include="detail\type_vec4_simd.inl">
      <Filter>头文件</Filter>
    </None>
    <None Include="ext\matrix_clip_space.inl">
      <Filter>头文件</Filter>
    </None>
    <None Include="ext\matrix_common.inl">
      <Filter>头文件</Filter>
    </None>
    <None Include="ext\matrix_integer.inl">
      <Filter>头文件</Filter>
    </None>
    <None Include="ext\matrix_projection.inl">
      <Filter>头文件</Filter>
    </None>
    <None Include="ext\matrix_relational.inl">
      <Filter>头文件</Filter>
    </None>
    <None Include="ext\matrix_transform.inl">
      <Filter>头文件</Filter>
    </None>
    <None Include="ext\quaternion_common.inl">
      <Filter>头文件</Filter>
    </None>
    <None Include="ext\quaternion_common_simd.inl">
      <Filter>头文件</Filter>
    </None>
    <None Include="ext\quaternion_exponential.inl">
      <Filter>头文件</Filter>
    </None>
    <None Include="ext\quaternion_geometric.inl">
      <Filter>头文件</Filter>
    </None>
    <None Include="ext\quaternion_relational.inl">
      <Filter>头文件</Filter>
    </None>
    <None Include="ext\quaternion_transform.inl">
      <Filter>头文件</Filter>
    </None>
    <None Include="ext\quaternion_trigonometric.inl">
      <Filter>头文件</Filter>
    </None>
    <None Include="ext\scalar_common.inl">
      <Filter>头文件</Filter>
    </None>
    <None Include="ext\scalar_constants.inl">
      <Filter>头文件</Filter>
    </None>
    <None Include="ext\scalar_integer.inl">
      <Filter>头文件</Filter>
    </None>
    <None Include="ext\scalar_packing.inl">
      <Filter>头文件</Filter>
    </None>
    <None Include="ext\scalar_reciprocal.inl">
      <Filter>头文件</Filter>
    </None>
    <None Include="ext\scalar_relational.inl">
      <Filter>头文件</Filter>
    </None>
    <None Include="ext\scalar_ulp.inl">
      <Filter>头文件</Filter>
    </None>
    <None Include="ext\vector_common.inl">
      <Filter>头文件</Filter>
    </None>
    <None Include="ext\vector_integer.inl">
      <Filter>头文件</Filter>
    </None>
    <None Include="ext\vector_packing.inl">
      <Filter>头文件</Filter>
    </None>
    <None Include="ext\vector_reciprocal.inl">
      <Filter>头文件</Filter>
    </None>
    <None Include="ext\vector_relational.inl">
      <Filter>头文件</Filter>
    </None>
    <None Include="ext\vector_ulp.inl">
      <Filter>头文件</Filter>
    </None>
    <None Include="gtc\bitfield.inl">
      <Filter>头文件</Filter>
    </None>
    <None Include="gtc\color_space.inl">
      <Filter>头文件</Filter>
    </None>
    <None Include="gtc\constants.inl">
      <Filter>头文件</Filter>
    </None>
    <None Include="gtc\epsilon.inl">
      <Filter>头文件</Filter>
    </None>
    <None Include="gtc\integer.inl">
      <Filter>头文件</Filter>
    </None>
    <None Include="gtc\matrix_access.inl">
      <Filter>头文件</Filter>
    </None>
    <None Include="gtc\matrix_inverse.inl">
      <Filter>头文件</Filter>
    </None>
    <None Include="gtc\matrix_transform.inl">
      <Filter>头文件</Filter>
    </None>
    <None Include="gtc\noise.inl">
      <Filter>头文件</Filter>
    </None>
    <None Include="gtc\packing.inl">
      <Filter>头文件</Filter>
    </None>
    <None Include="gtc\quaternion.inl">
      <Filter>头文件</Filter>
    </None>
    <None Include="gtc\quaternion_simd.inl">
      <Filter>头文件</Filter>
    </None>
    <None Include="gtc\random.inl">
      <Filter>头文件</Filter>
    </None>
    <None Include="gtc\round.inl">
      <Filter>头文件</Filter>
    </None>
    <None Include="gtc\type_precision.inl">
      <Filter>头文件</Filter>
    </None>
    <None Include="gtc\type_ptr.inl">
      <Filter>头文件</Filter>
    </None>
    <None Include="gtc\ulp.inl">
      <Filter>头文件</Filter>
    </None>
  </ItemGroup>
  <ItemGroup>
    <ClCompile Include="glm\detail\glm.cpp">
      <Filter>资源文件</Filter>
    </ClCompile>
  </ItemGroup>
</Project>